
Microsoft Visual Studio Solution File, Format Version 12.00
# Visual Studio Version 17
VisualStudioVersion = 17.9.34728.123
MinimumVisualStudioVersion = 10.0.40219.1
Project("{9A19103F-16F7-4668-BE54-9A1E7A4F7556}") = "rare-BE", "rare-BE.csproj", "{9BC36FEB-F66A-469A-8B28-5FF1EFB3C168}"
EndProject
Global
	GlobalSection(SolutionConfigurationPlatforms) = preSolution
		Debug|Any CPU = Debug|Any CPU
		Release|Any CPU = Release|Any CPU
	EndGlobalSection
	GlobalSection(ProjectConfigurationPlatforms) = postSolution
		{9BC36FEB-F66A-469A-8B28-5FF1EFB3C168}.Debug|Any CPU.ActiveCfg = Debug|Any CPU
		{9BC36FEB-F66A-469A-8B28-5FF1EFB3C168}.Debug|Any CPU.Build.0 = Debug|Any CPU
		{9BC36FEB-F66A-469A-8B28-5FF1EFB3C168}.Release|Any CPU.ActiveCfg = Release|Any CPU
		{9BC36FEB-F66A-469A-8B28-5FF1EFB3C168}.Release|Any CPU.Build.0 = Release|Any CPU
	EndGlobalSection
	GlobalSection(SolutionProperties) = preSolution
		HideSolutionNode = FALSE
	EndGlobalSection
	GlobalSection(ExtensibilityGlobals) = postSolution
		SolutionGuid = {1E600699-4DB6-43F7-B693-1A9B61C06191}
	EndGlobalSection
EndGlobal
